
Microsoft Visual Studio Solution File, Format Version 12.00
# Visual Studio 15
VisualStudioVersion = 15.0.28307.421
MinimumVisualStudioVersion = 10.0.40219.1
Project("{FAE04EC0-301F-11D3-BF4B-00C04F79EFBC}") = "ConsoleApp10", "ConsoleApp10.csproj", "{871CA102-FA17-4B53-8BD5-B5E61B08BBEA}"
EndProject
Global
	GlobalSection(SolutionConfigurationPlatforms) = preSolution
		Debug|Any CPU = Debug|Any CPU
		Release|Any CPU = Release|Any CPU
	EndGlobalSection
	GlobalSection(ProjectConfigurationPlatforms) = postSolution
		{871CA102-FA17-4B53-8BD5-B5E61B08BBEA}.Debug|Any CPU.ActiveCfg = Debug|Any CPU
		{871CA102-FA17-4B53-8BD5-B5E61B08BBEA}.Debug|Any CPU.Build.0 = Debug|Any CPU
		{871CA102-FA17-4B53-8BD5-B5E61B08BBEA}.Release|Any CPU.ActiveCfg = Release|Any CPU
		{871CA102-FA17-4B53-8BD5-B5E61B08BBEA}.Release|Any CPU.Build.0 = Release|Any CPU
	EndGlobalSection
	GlobalSection(SolutionProperties) = preSolution
		HideSolutionNode = FALSE
	EndGlobalSection
	GlobalSection(ExtensibilityGlobals) = postSolution
		SolutionGuid = {756B26B2-562C-48CC-98B2-6B63B06E473D}
	EndGlobalSection
EndGlobal
